
Microsoft Visual Studio Solution File, Format Version 12.00
# Visual Studio Version 17
VisualStudioVersion = 17.9.34622.214
MinimumVisualStudioVersion = 10.0.40219.1
Project("{FAE04EC0-301F-11D3-BF4B-00C04F79EFBC}") = "API", "API\API.csproj", "{28FF7AC2-198E-4C9B-9341-DB2B0D98F82E}"
EndProject
Project("{FAE04EC0-301F-11D3-BF4B-00C04F79EFBC}") = "WindowsFormsApp1", "WindowsFormsApp1\WindowsFormsApp1.csproj", "{23800E60-7DA2-4BD7-BD61-FA30918F5113}"
EndProject
Global
	GlobalSection(SolutionConfigurationPlatforms) = preSolution
		Debug|Any CPU = Debug|Any CPU
		Release|Any CPU = Release|Any CPU
	EndGlobalSection
	GlobalSection(ProjectConfigurationPlatforms) = postSolution
		{28FF7AC2-198E-4C9B-9341-DB2B0D98F82E}.Debug|Any CPU.ActiveCfg = Debug|Any CPU
		{28FF7AC2-198E-4C9B-9341-DB2B0D98F82E}.Debug|Any CPU.Build.0 = Debug|Any CPU
		{28FF7AC2-198E-4C9B-9341-DB2B0D98F82E}.Release|Any CPU.ActiveCfg = Release|Any CPU
		{28FF7AC2-198E-4C9B-9341-DB2B0D98F82E}.Release|Any CPU.Build.0 = Release|Any CPU
		{23800E60-7DA2-4BD7-BD61-FA30918F5113}.Debug|Any CPU.ActiveCfg = Debug|Any CPU
		{23800E60-7DA2-4BD7-BD61-FA30918F5113}.Debug|Any CPU.Build.0 = Debug|Any CPU
		{23800E60-7DA2-4BD7-BD61-FA30918F5113}.Release|Any CPU.ActiveCfg = Release|Any CPU
		{23800E60-7DA2-4BD7-BD61-FA30918F5113}.Release|Any CPU.Build.0 = Release|Any CPU
	EndGlobalSection
	GlobalSection(SolutionProperties) = preSolution
		HideSolutionNode = FALSE
	EndGlobalSection
	GlobalSection(ExtensibilityGlobals) = postSolution
		SolutionGuid = {51437B8F-182C-431F-B421-B7B58A461B07}
	EndGlobalSection
EndGlobal
